// !$*UTF8*$!
{
	archiveVersion = 1;
	classes = {
	};
	objectVersion = 52;
	objects = {

/* Begin PBXBuildFile section */
		08C425A227574324006DE072 /* GoogleService-Info.plist in Resources */ = {isa = PBXBuildFile; fileRef = 08C425A127574324006DE072 /* GoogleService-Info.plist */; };
		08EA99D1275608410014A31D /* AppDelegate.swift in Sources */ = {isa = PBXBuildFile; fileRef = 08EA99D0275608410014A31D /* AppDelegate.swift */; };
		08EA99D3275608410014A31D /* SceneDelegate.swift in Sources */ = {isa = PBXBuildFile; fileRef = 08EA99D2275608410014A31D /* SceneDelegate.swift */; };
		08EA99D5275608410014A31D /* ViewController.swift in Sources */ = {isa = PBXBuildFile; fileRef = 08EA99D4275608410014A31D /* ViewController.swift */; };
		08EA99D8275608410014A31D /* Main.storyboard in Resources */ = {isa = PBXBuildFile; fileRef = 08EA99D6275608410014A31D /* Main.storyboard */; };
		08EA99DA275608420014A31D /* Assets.xcassets in Resources */ = {isa = PBXBuildFile; fileRef = 08EA99D9275608420014A31D /* Assets.xcassets */; };
		08EA99DD275608420014A31D /* LaunchScreen.storyboard in Resources */ = {isa = PBXBuildFile; fileRef = 08EA99DB275608420014A31D /* LaunchScreen.storyboard */; };
		08EA99E8275619600014A31D /* FirebaseAppDistribution-Beta in Frameworks */ = {isa = PBXBuildFile; productRef = 08EA99E7275619600014A31D /* FirebaseAppDistribution-Beta */; };
		08EA99EA275619600014A31D /* FirebaseAuthCombine-Community in Frameworks */ = {isa = PBXBuildFile; productRef = 08EA99E9275619600014A31D /* FirebaseAuthCombine-Community */; };
		08EA99EC275619600014A31D /* FirebaseFunctionsCombine-Community in Frameworks */ = {isa = PBXBuildFile; productRef = 08EA99EB275619600014A31D /* FirebaseFunctionsCombine-Community */; };
		08EA99EE275619600014A31D /* FirebaseMessaging in Frameworks */ = {isa = PBXBuildFile; productRef = 08EA99ED275619600014A31D /* FirebaseMessaging */; };
		08EA99F0275619600014A31D /* FirebaseInAppMessagingSwift-Beta in Frameworks */ = {isa = PBXBuildFile; productRef = 08EA99EF275619600014A31D /* FirebaseInAppMessagingSwift-Beta */; };
		08EA99F2275619600014A31D /* FirebaseDynamicLinks in Frameworks */ = {isa = PBXBuildFile; productRef = 08EA99F1275619600014A31D /* FirebaseDynamicLinks */; };
		08EA99F4275619600014A31D /* FirebaseInAppMessaging-Beta in Frameworks */ = {isa = PBXBuildFile; productRef = 08EA99F3275619600014A31D /* FirebaseInAppMessaging-Beta */; };
		08EA99F6275619600014A31D /* FirebaseInstallations in Frameworks */ = {isa = PBXBuildFile; productRef = 08EA99F5275619600014A31D /* FirebaseInstallations */; };
		08EA99F8275619600014A31D /* FirebaseDatabaseSwift-Beta in Frameworks */ = {isa = PBXBuildFile; productRef = 08EA99F7275619600014A31D /* FirebaseDatabaseSwift-Beta */; };
		08EA99FA275619600014A31D /* FirebaseAuth in Frameworks */ = {isa = PBXBuildFile; productRef = 08EA99F9275619600014A31D /* FirebaseAuth */; };
		08EA99FC275619600014A31D /* FirebaseMLModelDownloader in Frameworks */ = {isa = PBXBuildFile; productRef = 08EA99FB275619600014A31D /* FirebaseMLModelDownloader */; };
		08EA99FE275619600014A31D /* FirebaseFirestore in Frameworks */ = {isa = PBXBuildFile; productRef = 08EA99FD275619600014A31D /* FirebaseFirestore */; };
		08EA9A00275619600014A31D /* FirebaseDatabase in Frameworks */ = {isa = PBXBuildFile; productRef = 08EA99FF275619600014A31D /* FirebaseDatabase */; };
		08EA9A02275619600014A31D /* FirebaseFunctions in Frameworks */ = {isa = PBXBuildFile; productRef = 08EA9A01275619600014A31D /* FirebaseFunctions */; };
/* End PBXBuildFile section */

/* Begin PBXFileReference section */
		08C4259E27573C28006DE072 /* Simple To Do List App.entitlements */ = {isa = PBXFileReference; lastKnownFileType = text.plist.entitlements; path = "Simple To Do List App.entitlements"; sourceTree = "<group>"; };
		08C425A127574324006DE072 /* GoogleService-Info.plist */ = {isa = PBXFileReference; fileEncoding = 4; lastKnownFileType = text.plist.xml; name = "GoogleService-Info.plist"; path = "../../../../Downloads/GoogleService-Info.plist"; sourceTree = "<group>"; };
		08EA99CD275608410014A31D /* Simple To Do List App.app */ = {isa = PBXFileReference; explicitFileType = wrapper.application; includeInIndex = 0; path = "Simple To Do List App.app"; sourceTree = BUILT_PRODUCTS_DIR; };
		08EA99D0275608410014A31D /* AppDelegate.swift */ = {isa = PBXFileReference; lastKnownFileType = sourcecode.swift; path = AppDelegate.swift; sourceTree = "<group>"; };
		08EA99D2275608410014A31D /* SceneDelegate.swift */ = {isa = PBXFileReference; lastKnownFileType = sourcecode.swift; path = SceneDelegate.swift; sourceTree = "<group>"; };
		08EA99D4275608410014A31D /* ViewController.swift */ = {isa = PBXFileReference; lastKnownFileType = sourcecode.swift; path = ViewController.swift; sourceTree = "<group>"; };
		08EA99D7275608410014A31D /* Base */ = {isa = PBXFileReference; lastKnownFileType = file.storyboard; name = Base; path = Base.lproj/Main.storyboard; sourceTree = "<group>"; };
		08EA99D9275608420014A31D /* Assets.xcassets */ = {isa = PBXFileReference; lastKnownFileType = folder.assetcatalog; path = Assets.xcassets; sourceTree = "<group>"; };
		08EA99DC275608420014A31D /* Base */ = {isa = PBXFileReference; lastKnownFileType = file.storyboard; name = Base; path = Base.lproj/LaunchScreen.storyboard; sourceTree = "<group>"; };
		08EA99DE275608420014A31D /* Info.plist */ = {isa = PBXFileReference; lastKnownFileType = text.plist.xml; path = Info.plist; sourceTree = "<group>"; };
/* End PBXFileReference section */

/* Begin PBXFrameworksBuildPhase section */
		08EA99CA275608410014A31D /* Frameworks */ = {
			isa = PBXFrameworksBuildPhase;
			buildActionMask = 2147483647;
			files = (
				08EA9A00275619600014A31D /* FirebaseDatabase in Frameworks */,
				08EA9A02275619600014A31D /* FirebaseFunctions in Frameworks */,
				08EA99EE275619600014A31D /* FirebaseMessaging in Frameworks */,
				08EA99FA275619600014A31D /* FirebaseAuth in Frameworks */,
				08EA99F4275619600014A31D /* FirebaseInAppMessaging-Beta in Frameworks */,
				08EA99E8275619600014A31D /* FirebaseAppDistribution-Beta in Frameworks */,
				08EA99F6275619600014A31D /* FirebaseInstallations in Frameworks */,
				08EA99FE275619600014A31D /* FirebaseFirestore in Frameworks */,
				08EA99F0275619600014A31D /* FirebaseInAppMessagingSwift-Beta in Frameworks */,
				08EA99EA275619600014A31D /* FirebaseAuthCombine-Community in Frameworks */,
				08EA99FC275619600014A31D /* FirebaseMLModelDownloader in Frameworks */,
				08EA99F8275619600014A31D /* FirebaseDatabaseSwift-Beta in Frameworks */,
				08EA99EC275619600014A31D /* FirebaseFunctionsCombine-Community in Frameworks */,
				08EA99F2275619600014A31D /* FirebaseDynamicLinks in Frameworks */,
			);
			runOnlyForDeploymentPostprocessing = 0;
		};
/* End PBXFrameworksBuildPhase section */

/* Begin PBXGroup section */
		08EA99C4275608410014A31D = {
			isa = PBXGroup;
			children = (
				08EA99CF275608410014A31D /* Simple To Do List App */,
				08EA99CE275608410014A31D /* Products */,
			);
			sourceTree = "<group>";
		};
		08EA99CE275608410014A31D /* Products */ = {
			isa = PBXGroup;
			children = (
				08EA99CD275608410014A31D /* Simple To Do List App.app */,
			);
			name = Products;
			sourceTree = "<group>";
		};
		08EA99CF275608410014A31D /* Simple To Do List App */ = {
			isa = PBXGroup;
			children = (
				08C425A127574324006DE072 /* GoogleService-Info.plist */,
				08C4259E27573C28006DE072 /* Simple To Do List App.entitlements */,
				08EA99D0275608410014A31D /* AppDelegate.swift */,
				08EA99D2275608410014A31D /* SceneDelegate.swift */,
				08EA99D4275608410014A31D /* ViewController.swift */,
				08EA99D6275608410014A31D /* Main.storyboard */,
				08EA99D9275608420014A31D /* Assets.xcassets */,
				08EA99DB275608420014A31D /* LaunchScreen.storyboard */,
				08EA99DE275608420014A31D /* Info.plist */,
			);
			path = "Simple To Do List App";
			sourceTree = "<group>";
		};
/* End PBXGroup section */

/* Begin PBXNativeTarget section */
		08EA99CC275608410014A31D /* Simple To Do List App */ = {
			isa = PBXNativeTarget;
			buildConfigurationList = 08EA99E1275608420014A31D /* Build configuration list for PBXNativeTarget "Simple To Do List App" */;
			buildPhases = (
				08EA99C9275608410014A31D /* Sources */,
				08EA99CA275608410014A31D /* Frameworks */,
				08EA99CB275608410014A31D /* Resources */,
			);
			buildRules = (
			);
			dependencies = (
			);
			name = "Simple To Do List App";
			packageProductDependencies = (
				08EA99E7275619600014A31D /* FirebaseAppDistribution-Beta */,
				08EA99E9275619600014A31D /* FirebaseAuthCombine-Community */,
				08EA99EB275619600014A31D /* FirebaseFunctionsCombine-Community */,
				08EA99ED275619600014A31D /* FirebaseMessaging */,
				08EA99EF275619600014A31D /* FirebaseInAppMessagingSwift-Beta */,
				08EA99F1275619600014A31D /* FirebaseDynamicLinks */,
				08EA99F3275619600014A31D /* FirebaseInAppMessaging-Beta */,
				08EA99F5275619600014A31D /* FirebaseInstallations */,
				08EA99F7275619600014A31D /* FirebaseDatabaseSwift-Beta */,
				08EA99F9275619600014A31D /* FirebaseAuth */,
				08EA99FB275619600014A31D /* FirebaseMLModelDownloader */,
				08EA99FD275619600014A31D /* FirebaseFirestore */,
				08EA99FF275619600014A31D /* FirebaseDatabase */,
				08EA9A01275619600014A31D /* FirebaseFunctions */,
			);
			productName = "Simple To Do List App";
			productReference = 08EA99CD275608410014A31D /* Simple To Do List App.app */;
			productType = "com.apple.product-type.application";
		};
/* End PBXNativeTarget section */

/* Begin PBXProject section */
		08EA99C5275608410014A31D /* Project object */ = {
			isa = PBXProject;
			attributes = {
				LastSwiftUpdateCheck = 1250;
				LastUpgradeCheck = 1250;
				TargetAttributes = {
					08EA99CC275608410014A31D = {
						CreatedOnToolsVersion = 12.5;
					};
				};
			};
			buildConfigurationList = 08EA99C8275608410014A31D /* Build configuration list for PBXProject "Simple To Do List App" */;
			compatibilityVersion = "Xcode 9.3";
			developmentRegion = en;
			hasScannedForEncodings = 0;
			knownRegions = (
				en,
				Base,
			);
			mainGroup = 08EA99C4275608410014A31D;
			packageReferences = (
				08EA99E6275619600014A31D /* XCRemoteSwiftPackageReference "firebase-ios-sdk" */,
			);
			productRefGroup = 08EA99CE275608410014A31D /* Products */;
			projectDirPath = "";
			projectRoot = "";
			targets = (
				08EA99CC275608410014A31D /* Simple To Do List App */,
			);
		};
/* End PBXProject section */

/* Begin PBXResourcesBuildPhase section */
		08EA99CB275608410014A31D /* Resources */ = {
			isa = PBXResourcesBuildPhase;
			buildActionMask = 2147483647;
			files = (
				08EA99DD275608420014A31D /* LaunchScreen.storyboard in Resources */,
				08C425A227574324006DE072 /* GoogleService-Info.plist in Resources */,
				08EA99DA275608420014A31D /* Assets.xcassets in Resources */,
				08EA99D8275608410014A31D /* Main.storyboard in Resources */,
			);
			runOnlyForDeploymentPostprocessing = 0;
		};
/* End PBXResourcesBuildPhase section */

/* Begin PBXSourcesBuildPhase section */
		08EA99C9275608410014A31D /* Sources */ = {
			isa = PBXSourcesBuildPhase;
			buildActionMask = 2147483647;
			files = (
				08EA99D5275608410014A31D /* ViewController.swift in Sources */,
				08EA99D1275608410014A31D /* AppDelegate.swift in Sources */,
				08EA99D3275608410014A31D /* SceneDelegate.swift in Sources */,
			);
			runOnlyForDeploymentPostprocessing = 0;
		};
/* End PBXSourcesBuildPhase section */

/* Begin PBXVariantGroup section */
		08EA99D6275608410014A31D /* Main.storyboard */ = {
			isa = PBXVariantGroup;
			children = (
				08EA99D7275608410014A31D /* Base */,
			);
			name = Main.storyboard;
			sourceTree = "<group>";
		};
		08EA99DB275608420014A31D /* LaunchScreen.storyboard */ = {
			isa = PBXVariantGroup;
			children = (
				08EA99DC275608420014A31D /* Base */,
			);
			name = LaunchScreen.storyboard;
			sourceTree = "<group>";
		};
/* End PBXVariantGroup section */

/* Begin XCBuildConfiguration section */
		08EA99DF275608420014A31D /* Debug */ = {
			isa = XCBuildConfiguration;
			buildSettings = {
				ALWAYS_SEARCH_USER_PATHS = NO;
				CLANG_ANALYZER_NONNULL = YES;
				CLANG_ANALYZER_NUMBER_OBJECT_CONVERSION = YES_AGGRESSIVE;
				CLANG_CXX_LANGUAGE_STANDARD = "gnu++14";
				CLANG_CXX_LIBRARY = "libc++";
				CLANG_ENABLE_MODULES = YES;
				CLANG_ENABLE_OBJC_ARC = YES;
				CLANG_ENABLE_OBJC_WEAK = YES;
				CLANG_WARN_BLOCK_CAPTURE_AUTORELEASING = YES;
				CLANG_WARN_BOOL_CONVERSION = YES;
				CLANG_WARN_COMMA = YES;
				CLANG_WARN_CONSTANT_CONVERSION = YES;
				CLANG_WARN_DEPRECATED_OBJC_IMPLEMENTATIONS = YES;
				CLANG_WARN_DIRECT_OBJC_ISA_USAGE = YES_ERROR;
				CLANG_WARN_DOCUMENTATION_COMMENTS = YES;
				CLANG_WARN_EMPTY_BODY = YES;
				CLANG_WARN_ENUM_CONVERSION = YES;
				CLANG_WARN_INFINITE_RECURSION = YES;
				CLANG_WARN_INT_CONVERSION = YES;
				CLANG_WARN_NON_LITERAL_NULL_CONVERSION = YES;
				CLANG_WARN_OBJC_IMPLICIT_RETAIN_SELF = YES;
				CLANG_WARN_OBJC_LITERAL_CONVERSION = YES;
				CLANG_WARN_OBJC_ROOT_CLASS = YES_ERROR;
				CLANG_WARN_QUOTED_INCLUDE_IN_FRAMEWORK_HEADER = YES;
				CLANG_WARN_RANGE_LOOP_ANALYSIS = YES;
				CLANG_WARN_STRICT_PROTOTYPES = YES;
				CLANG_WARN_SUSPICIOUS_MOVE = YES;
				CLANG_WARN_UNGUARDED_AVAILABILITY = YES_AGGRESSIVE;
				CLANG_WARN_UNREACHABLE_CODE = YES;
				CLANG_WARN__DUPLICATE_METHOD_MATCH = YES;
				COPY_PHASE_STRIP = NO;
				DEBUG_INFORMATION_FORMAT = dwarf;
				ENABLE_STRICT_OBJC_MSGSEND = YES;
				ENABLE_TESTABILITY = YES;
				GCC_C_LANGUAGE_STANDARD = gnu11;
				GCC_DYNAMIC_NO_PIC = NO;
				GCC_NO_COMMON_BLOCKS = YES;
				GCC_OPTIMIZATION_LEVEL = 0;
				GCC_PREPROCESSOR_DEFINITIONS = (
					"DEBUG=1",
					"$(inherited)",
				);
				GCC_WARN_64_TO_32_BIT_CONVERSION = YES;
				GCC_WARN_ABOUT_RETURN_TYPE = YES_ERROR;
				GCC_WARN_UNDECLARED_SELECTOR = YES;
				GCC_WARN_UNINITIALIZED_AUTOS = YES_AGGRESSIVE;
				GCC_WARN_UNUSED_FUNCTION = YES;
				GCC_WARN_UNUSED_VARIABLE = YES;
				IPHONEOS_DEPLOYMENT_TARGET = 14.5;
				MTL_ENABLE_DEBUG_INFO = INCLUDE_SOURCE;
				MTL_FAST_MATH = YES;
				ONLY_ACTIVE_ARCH = YES;
				SDKROOT = iphoneos;
				SWIFT_ACTIVE_COMPILATION_CONDITIONS = DEBUG;
				SWIFT_OPTIMIZATION_LEVEL = "-Onone";
			};
			name = Debug;
		};
		08EA99E0275608420014A31D /* Release */ = {
			isa = XCBuildConfiguration;
			buildSettings = {
				ALWAYS_SEARCH_USER_PATHS = NO;
				CLANG_ANALYZER_NONNULL = YES;
				CLANG_ANALYZER_NUMBER_OBJECT_CONVERSION = YES_AGGRESSIVE;
				CLANG_CXX_LANGUAGE_STANDARD = "gnu++14";
				CLANG_CXX_LIBRARY = "libc++";
				CLANG_ENABLE_MODULES = YES;
				CLANG_ENABLE_OBJC_ARC = YES;
				CLANG_ENABLE_OBJC_WEAK = YES;
				CLANG_WARN_BLOCK_CAPTURE_AUTORELEASING = YES;
				CLANG_WARN_BOOL_CONVERSION = YES;
				CLANG_WARN_COMMA = YES;
				CLANG_WARN_CONSTANT_CONVERSION = YES;
				CLANG_WARN_DEPRECATED_OBJC_IMPLEMENTATIONS = YES;
				CLANG_WARN_DIRECT_OBJC_ISA_USAGE = YES_ERROR;
				CLANG_WARN_DOCUMENTATION_COMMENTS = YES;
				CLANG_WARN_EMPTY_BODY = YES;
				CLANG_WARN_ENUM_CONVERSION = YES;
				CLANG_WARN_INFINITE_RECURSION = YES;
				CLANG_WARN_INT_CONVERSION = YES;
				CLANG_WARN_NON_LITERAL_NULL_CONVERSION = YES;
				CLANG_WARN_OBJC_IMPLICIT_RETAIN_SELF = YES;
				CLANG_WARN_OBJC_LITERAL_CONVERSION = YES;
				CLANG_WARN_OBJC_ROOT_CLASS = YES_ERROR;
				CLANG_WARN_QUOTED_INCLUDE_IN_FRAMEWORK_HEADER = YES;
				CLANG_WARN_RANGE_LOOP_ANALYSIS = YES;
				CLANG_WARN_STRICT_PROTOTYPES = YES;
				CLANG_WARN_SUSPICIOUS_MOVE = YES;
				CLANG_WARN_UNGUARDED_AVAILABILITY = YES_AGGRESSIVE;
				CLANG_WARN_UNREACHABLE_CODE = YES;
				CLANG_WARN__DUPLICATE_METHOD_MATCH = YES;
				COPY_PHASE_STRIP = NO;
				DEBUG_INFORMATION_FORMAT = "dwarf-with-dsym";
				ENABLE_NS_ASSERTIONS = NO;
				ENABLE_STRICT_OBJC_MSGSEND = YES;
				GCC_C_LANGUAGE_STANDARD = gnu11;
				GCC_NO_COMMON_BLOCKS = YES;
				GCC_WARN_64_TO_32_BIT_CONVERSION = YES;
				GCC_WARN_ABOUT_RETURN_TYPE = YES_ERROR;
				GCC_WARN_UNDECLARED_SELECTOR = YES;
				GCC_WARN_UNINITIALIZED_AUTOS = YES_AGGRESSIVE;
				GCC_WARN_UNUSED_FUNCTION = YES;
				GCC_WARN_UNUSED_VARIABLE = YES;
				IPHONEOS_DEPLOYMENT_TARGET = 14.5;
				MTL_ENABLE_DEBUG_INFO = NO;
				MTL_FAST_MATH = YES;
				SDKROOT = iphoneos;
				SWIFT_COMPILATION_MODE = wholemodule;
				SWIFT_OPTIMIZATION_LEVEL = "-O";
				VALIDATE_PRODUCT = YES;
			};
			name = Release;
		};
		08EA99E2275608420014A31D /* Debug */ = {
			isa = XCBuildConfiguration;
			buildSettings = {
				ASSETCATALOG_COMPILER_APPICON_NAME = AppIcon;
				ASSETCATALOG_COMPILER_GLOBAL_ACCENT_COLOR_NAME = AccentColor;
				CODE_SIGN_ENTITLEMENTS = "Simple To Do List App/Simple To Do List App.entitlements";
				CODE_SIGN_STYLE = Automatic;
				DEVELOPMENT_TEAM = 44N89G9KPS;
				INFOPLIST_FILE = "Simple To Do List App/Info.plist";
				LD_RUNPATH_SEARCH_PATHS = (
					"$(inherited)",
					"@executable_path/Frameworks",
				);
				PRODUCT_BUNDLE_IDENTIFIER = com.fidenz.trainee.app;
				PRODUCT_NAME = "$(TARGET_NAME)";
				SWIFT_VERSION = 5.0;
				TARGETED_DEVICE_FAMILY = "1,2";
			};
			name = Debug;
		};
		08EA99E3275608420014A31D /* Release */ = {
			isa = XCBuildConfiguration;
			buildSettings = {
				ASSETCATALOG_COMPILER_APPICON_NAME = AppIcon;
				ASSETCATALOG_COMPILER_GLOBAL_ACCENT_COLOR_NAME = AccentColor;
				CODE_SIGN_ENTITLEMENTS = "Simple To Do List App/Simple To Do List App.entitlements";
				CODE_SIGN_STYLE = Automatic;
				DEVELOPMENT_TEAM = 44N89G9KPS;
				INFOPLIST_FILE = "Simple To Do List App/Info.plist";
				LD_RUNPATH_SEARCH_PATHS = (
					"$(inherited)",
					"@executable_path/Frameworks",
				);
				PRODUCT_BUNDLE_IDENTIFIER = com.fidenz.trainee.app;
				PRODUCT_NAME = "$(TARGET_NAME)";
				SWIFT_VERSION = 5.0;
				TARGETED_DEVICE_FAMILY = "1,2";
			};
			name = Release;
		};
/* End XCBuildConfiguration section */

/* Begin XCConfigurationList section */
		08EA99C8275608410014A31D /* Build configuration list for PBXProject "Simple To Do List App" */ = {
			isa = XCConfigurationList;
			buildConfigurations = (
				08EA99DF275608420014A31D /* Debug */,
				08EA99E0275608420014A31D /* Release */,
			);
			defaultConfigurationIsVisible = 0;
			defaultConfigurationName = Release;
		};
		08EA99E1275608420014A31D /* Build configuration list for PBXNativeTarget "Simple To Do List App" */ = {
			isa = XCConfigurationList;
			buildConfigurations = (
				08EA99E2275608420014A31D /* Debug */,
				08EA99E3275608420014A31D /* Release */,
			);
			defaultConfigurationIsVisible = 0;
			defaultConfigurationName = Release;
		};
/* End XCConfigurationList section */

/* Begin XCRemoteSwiftPackageReference section */
		08EA99E6275619600014A31D /* XCRemoteSwiftPackageReference "firebase-ios-sdk" */ = {
			isa = XCRemoteSwiftPackageReference;
			repositoryURL = "https://github.com/firebase/firebase-ios-sdk";
			requirement = {
				kind = upToNextMajorVersion;
				minimumVersion = 8.9.1;
			};
		};
/* End XCRemoteSwiftPackageReference section */

/* Begin XCSwiftPackageProductDependency section */
		08EA99E7275619600014A31D /* FirebaseAppDistribution-Beta */ = {
			isa = XCSwiftPackageProductDependency;
			package = 08EA99E6275619600014A31D /* XCRemoteSwiftPackageReference "firebase-ios-sdk" */;
			productName = "FirebaseAppDistribution-Beta";
		};
		08EA99E9275619600014A31D /* FirebaseAuthCombine-Community */ = {
			isa = XCSwiftPackageProductDependency;
			package = 08EA99E6275619600014A31D /* XCRemoteSwiftPackageReference "firebase-ios-sdk" */;
			productName = "FirebaseAuthCombine-Community";
		};
		08EA99EB275619600014A31D /* FirebaseFunctionsCombine-Community */ = {
			isa = XCSwiftPackageProductDependency;
			package = 08EA99E6275619600014A31D /* XCRemoteSwiftPackageReference "firebase-ios-sdk" */;
			productName = "FirebaseFunctionsCombine-Community";
		};
		08EA99ED275619600014A31D /* FirebaseMessaging */ = {
			isa = XCSwiftPackageProductDependency;
			package = 08EA99E6275619600014A31D /* XCRemoteSwiftPackageReference "firebase-ios-sdk" */;
			productName = FirebaseMessaging;
		};
		08EA99EF275619600014A31D /* FirebaseInAppMessagingSwift-Beta */ = {
			isa = XCSwiftPackageProductDependency;
			package = 08EA99E6275619600014A31D /* XCRemoteSwiftPackageReference "firebase-ios-sdk" */;
			productName = "FirebaseInAppMessagingSwift-Beta";
		};
		08EA99F1275619600014A31D /* FirebaseDynamicLinks */ = {
			isa = XCSwiftPackageProductDependency;
			package = 08EA99E6275619600014A31D /* XCRemoteSwiftPackageReference "firebase-ios-sdk" */;
			productName = FirebaseDynamicLinks;
		};
		08EA99F3275619600014A31D /* FirebaseInAppMessaging-Beta */ = {
			isa = XCSwiftPackageProductDependency;
			package = 08EA99E6275619600014A31D /* XCRemoteSwiftPackageReference "firebase-ios-sdk" */;
			productName = "FirebaseInAppMessaging-Beta";
		};
		08EA99F5275619600014A31D /* FirebaseInstallations */ = {
			isa = XCSwiftPackageProductDependency;
			package = 08EA99E6275619600014A31D /* XCRemoteSwiftPackageReference "firebase-ios-sdk" */;
			productName = FirebaseInstallations;
		};
		08EA99F7275619600014A31D /* FirebaseDatabaseSwift-Beta */ = {
			isa = XCSwiftPackageProductDependency;
			package = 08EA99E6275619600014A31D /* XCRemoteSwiftPackageReference "firebase-ios-sdk" */;
			productName = "FirebaseDatabaseSwift-Beta";
		};
		08EA99F9275619600014A31D /* FirebaseAuth */ = {
			isa = XCSwiftPackageProductDependency;
			package = 08EA99E6275619600014A31D /* XCRemoteSwiftPackageReference "firebase-ios-sdk" */;
			productName = FirebaseAuth;
		};
		08EA99FB275619600014A31D /* FirebaseMLModelDownloader */ = {
			isa = XCSwiftPackageProductDependency;
			package = 08EA99E6275619600014A31D /* XCRemoteSwiftPackageReference "firebase-ios-sdk" */;
			productName = FirebaseMLModelDownloader;
		};
		08EA99FD275619600014A31D /* FirebaseFirestore */ = {
			isa = XCSwiftPackageProductDependency;
			package = 08EA99E6275619600014A31D /* XCRemoteSwiftPackageReference "firebase-ios-sdk" */;
			productName = FirebaseFirestore;
		};
		08EA99FF275619600014A31D /* FirebaseDatabase */ = {
			isa = XCSwiftPackageProductDependency;
			package = 08EA99E6275619600014A31D /* XCRemoteSwiftPackageReference "firebase-ios-sdk" */;
			productName = FirebaseDatabase;
		};
		08EA9A01275619600014A31D /* FirebaseFunctions */ = {
			isa = XCSwiftPackageProductDependency;
			package = 08EA99E6275619600014A31D /* XCRemoteSwiftPackageReference "firebase-ios-sdk" */;
			productName = FirebaseFunctions;
		};
/* End XCSwiftPackageProductDependency section */
	};
	rootObject = 08EA99C5275608410014A31D /* Project object */;
}
